// !$*UTF8*$!
{
	archiveVersion = 1;
	classes = {
	};
	objectVersion = 56;
	objects = {

/* Begin PBXBuildFile section */
		F4B36A662A47D21600C34F42 /* AppDelegate.swift in Sources */ = {isa = PBXBuildFile; fileRef = F4B36A652A47D21600C34F42 /* AppDelegate.swift */; };
		F4B36A682A47D21600C34F42 /* SceneDelegate.swift in Sources */ = {isa = PBXBuildFile; fileRef = F4B36A672A47D21600C34F42 /* SceneDelegate.swift */; };
		F4B36A6A2A47D21600C34F42 /* ViewController.swift in Sources */ = {isa = PBXBuildFile; fileRef = F4B36A692A47D21600C34F42 /* ViewController.swift */; };
		F4B36A6D2A47D21600C34F42 /* Main.storyboard in Resources */ = {isa = PBXBuildFile; fileRef = F4B36A6B2A47D21600C34F42 /* Main.storyboard */; };
		F4B36A702A47D21600C34F42 /* AdapterTableView.xcdatamodeld in Sources */ = {isa = PBXBuildFile; fileRef = F4B36A6E2A47D21600C34F42 /* AdapterTableView.xcdatamodeld */; };
		F4B36A722A47D21700C34F42 /* Assets.xcassets in Resources */ = {isa = PBXBuildFile; fileRef = F4B36A712A47D21700C34F42 /* Assets.xcassets */; };
		F4B36A752A47D21700C34F42 /* LaunchScreen.storyboard in Resources */ = {isa = PBXBuildFile; fileRef = F4B36A732A47D21700C34F42 /* LaunchScreen.storyboard */; };
		F4B36A802A47D21700C34F42 /* AdapterTableViewTests.swift in Sources */ = {isa = PBXBuildFile; fileRef = F4B36A7F2A47D21700C34F42 /* AdapterTableViewTests.swift */; };
		F4B36A8A2A47D21700C34F42 /* AdapterTableViewUITests.swift in Sources */ = {isa = PBXBuildFile; fileRef = F4B36A892A47D21700C34F42 /* AdapterTableViewUITests.swift */; };
		F4B36A8C2A47D21700C34F42 /* AdapterTableViewUITestsLaunchTests.swift in Sources */ = {isa = PBXBuildFile; fileRef = F4B36A8B2A47D21700C34F42 /* AdapterTableViewUITestsLaunchTests.swift */; };
		F4B36A992A47D25500C34F42 /* TableDataModel.swift in Sources */ = {isa = PBXBuildFile; fileRef = F4B36A982A47D25500C34F42 /* TableDataModel.swift */; };
		F4B36A9B2A47D2A400C34F42 /* TableAdapter.swift in Sources */ = {isa = PBXBuildFile; fileRef = F4B36A9A2A47D2A400C34F42 /* TableAdapter.swift */; };
		F4B36AA02A47DAAE00C34F42 /* CustomTableViewCell.swift in Sources */ = {isa = PBXBuildFile; fileRef = F4B36A9E2A47DAAE00C34F42 /* CustomTableViewCell.swift */; };
		F4B36AA12A47DAAE00C34F42 /* CustomTableViewCell.xib in Resources */ = {isa = PBXBuildFile; fileRef = F4B36A9F2A47DAAE00C34F42 /* CustomTableViewCell.xib */; };
/* End PBXBuildFile section */

/* Begin PBXContainerItemProxy section */
		F4B36A7C2A47D21700C34F42 /* PBXContainerItemProxy */ = {
			isa = PBXContainerItemProxy;
			containerPortal = F4B36A5A2A47D21600C34F42 /* Project object */;
			proxyType = 1;
			remoteGlobalIDString = F4B36A612A47D21600C34F42;
			remoteInfo = AdapterTableView;
		};
		F4B36A862A47D21700C34F42 /* PBXContainerItemProxy */ = {
			isa = PBXContainerItemProxy;
			containerPortal = F4B36A5A2A47D21600C34F42 /* Project object */;
			proxyType = 1;
			remoteGlobalIDString = F4B36A612A47D21600C34F42;
			remoteInfo = AdapterTableView;
		};
/* End PBXContainerItemProxy section */

/* Begin PBXFileReference section */
		F4B36A622A47D21600C34F42 /* AdapterTableView.app */ = {isa = PBXFileReference; explicitFileType = wrapper.application; includeInIndex = 0; path = AdapterTableView.app; sourceTree = BUILT_PRODUCTS_DIR; };
		F4B36A652A47D21600C34F42 /* AppDelegate.swift */ = {isa = PBXFileReference; lastKnownFileType = sourcecode.swift; path = AppDelegate.swift; sourceTree = "<group>"; };
		F4B36A672A47D21600C34F42 /* SceneDelegate.swift */ = {isa = PBXFileReference; lastKnownFileType = sourcecode.swift; path = SceneDelegate.swift; sourceTree = "<group>"; };
		F4B36A692A47D21600C34F42 /* ViewController.swift */ = {isa = PBXFileReference; lastKnownFileType = sourcecode.swift; path = ViewController.swift; sourceTree = "<group>"; };
		F4B36A6C2A47D21600C34F42 /* Base */ = {isa = PBXFileReference; lastKnownFileType = file.storyboard; name = Base; path = Base.lproj/Main.storyboard; sourceTree = "<group>"; };
		F4B36A6F2A47D21600C34F42 /* AdapterTableView.xcdatamodel */ = {isa = PBXFileReference; lastKnownFileType = wrapper.xcdatamodel; path = AdapterTableView.xcdatamodel; sourceTree = "<group>"; };
		F4B36A712A47D21700C34F42 /* Assets.xcassets */ = {isa = PBXFileReference; lastKnownFileType = folder.assetcatalog; path = Assets.xcassets; sourceTree = "<group>"; };
		F4B36A742A47D21700C34F42 /* Base */ = {isa = PBXFileReference; lastKnownFileType = file.storyboard; name = Base; path = Base.lproj/LaunchScreen.storyboard; sourceTree = "<group>"; };
		F4B36A762A47D21700C34F42 /* Info.plist */ = {isa = PBXFileReference; lastKnownFileType = text.plist.xml; path = Info.plist; sourceTree = "<group>"; };
		F4B36A7B2A47D21700C34F42 /* AdapterTableViewTests.xctest */ = {isa = PBXFileReference; explicitFileType = wrapper.cfbundle; includeInIndex = 0; path = AdapterTableViewTests.xctest; sourceTree = BUILT_PRODUCTS_DIR; };
		F4B36A7F2A47D21700C34F42 /* AdapterTableViewTests.swift */ = {isa = PBXFileReference; lastKnownFileType = sourcecode.swift; path = AdapterTableViewTests.swift; sourceTree = "<group>"; };
		F4B36A852A47D21700C34F42 /* AdapterTableViewUITests.xctest */ = {isa = PBXFileReference; explicitFileType = wrapper.cfbundle; includeInIndex = 0; path = AdapterTableViewUITests.xctest; sourceTree = BUILT_PRODUCTS_DIR; };
		F4B36A892A47D21700C34F42 /* AdapterTableViewUITests.swift */ = {isa = PBXFileReference; lastKnownFileType = sourcecode.swift; path = AdapterTableViewUITests.swift; sourceTree = "<group>"; };
		F4B36A8B2A47D21700C34F42 /* AdapterTableViewUITestsLaunchTests.swift */ = {isa = PBXFileReference; lastKnownFileType = sourcecode.swift; path = AdapterTableViewUITestsLaunchTests.swift; sourceTree = "<group>"; };
		F4B36A982A47D25500C34F42 /* TableDataModel.swift */ = {isa = PBXFileReference; lastKnownFileType = sourcecode.swift; path = TableDataModel.swift; sourceTree = "<group>"; };
		F4B36A9A2A47D2A400C34F42 /* TableAdapter.swift */ = {isa = PBXFileReference; lastKnownFileType = sourcecode.swift; path = TableAdapter.swift; sourceTree = "<group>"; };
		F4B36A9E2A47DAAE00C34F42 /* CustomTableViewCell.swift */ = {isa = PBXFileReference; lastKnownFileType = sourcecode.swift; path = CustomTableViewCell.swift; sourceTree = "<group>"; };
		F4B36A9F2A47DAAE00C34F42 /* CustomTableViewCell.xib */ = {isa = PBXFileReference; lastKnownFileType = file.xib; path = CustomTableViewCell.xib; sourceTree = "<group>"; };
/* End PBXFileReference section */

/* Begin PBXFrameworksBuildPhase section */
		F4B36A5F2A47D21600C34F42 /* Frameworks */ = {
			isa = PBXFrameworksBuildPhase;
			buildActionMask = 2147483647;
			files = (
			);
			runOnlyForDeploymentPostprocessing = 0;
		};
		F4B36A782A47D21700C34F42 /* Frameworks */ = {
			isa = PBXFrameworksBuildPhase;
			buildActionMask = 2147483647;
			files = (
			);
			runOnlyForDeploymentPostprocessing = 0;
		};
		F4B36A822A47D21700C34F42 /* Frameworks */ = {
			isa = PBXFrameworksBuildPhase;
			buildActionMask = 2147483647;
			files = (
			);
			runOnlyForDeploymentPostprocessing = 0;
		};
/* End PBXFrameworksBuildPhase section */

/* Begin PBXGroup section */
		F4B36A592A47D21600C34F42 = {
			isa = PBXGroup;
			children = (
				F4B36A642A47D21600C34F42 /* AdapterTableView */,
				F4B36A7E2A47D21700C34F42 /* AdapterTableViewTests */,
				F4B36A882A47D21700C34F42 /* AdapterTableViewUITests */,
				F4B36A632A47D21600C34F42 /* Products */,
			);
			sourceTree = "<group>";
		};
		F4B36A632A47D21600C34F42 /* Products */ = {
			isa = PBXGroup;
			children = (
				F4B36A622A47D21600C34F42 /* AdapterTableView.app */,
				F4B36A7B2A47D21700C34F42 /* AdapterTableViewTests.xctest */,
				F4B36A852A47D21700C34F42 /* AdapterTableViewUITests.xctest */,
			);
			name = Products;
			sourceTree = "<group>";
		};
		F4B36A642A47D21600C34F42 /* AdapterTableView */ = {
			isa = PBXGroup;
			children = (
				F4B36A652A47D21600C34F42 /* AppDelegate.swift */,
				F4B36A672A47D21600C34F42 /* SceneDelegate.swift */,
				F4B36A692A47D21600C34F42 /* ViewController.swift */,
				F4B36A6B2A47D21600C34F42 /* Main.storyboard */,
				F4B36A712A47D21700C34F42 /* Assets.xcassets */,
				F4B36A732A47D21700C34F42 /* LaunchScreen.storyboard */,
				F4B36A762A47D21700C34F42 /* Info.plist */,
				F4B36A6E2A47D21600C34F42 /* AdapterTableView.xcdatamodeld */,
				F4B36A982A47D25500C34F42 /* TableDataModel.swift */,
				F4B36A9E2A47DAAE00C34F42 /* CustomTableViewCell.swift */,
				F4B36A9F2A47DAAE00C34F42 /* CustomTableViewCell.xib */,
				F4B36A9A2A47D2A400C34F42 /* TableAdapter.swift */,
			);
			path = AdapterTableView;
			sourceTree = "<group>";
		};
		F4B36A7E2A47D21700C34F42 /* AdapterTableViewTests */ = {
			isa = PBXGroup;
			children = (
				F4B36A7F2A47D21700C34F42 /* AdapterTableViewTests.swift */,
			);
			path = AdapterTableViewTests;
			sourceTree = "<group>";
		};
		F4B36A882A47D21700C34F42 /* AdapterTableViewUITests */ = {
			isa = PBXGroup;
			children = (
				F4B36A892A47D21700C34F42 /* AdapterTableViewUITests.swift */,
				F4B36A8B2A47D21700C34F42 /* AdapterTableViewUITestsLaunchTests.swift */,
			);
			path = AdapterTableViewUITests;
			sourceTree = "<group>";
		};
/* End PBXGroup section */

/* Begin PBXNativeTarget section */
		F4B36A612A47D21600C34F42 /* AdapterTableView */ = {
			isa = PBXNativeTarget;
			buildConfigurationList = F4B36A8F2A47D21700C34F42 /* Build configuration list for PBXNativeTarget "AdapterTableView" */;
			buildPhases = (
				F4B36A5E2A47D21600C34F42 /* Sources */,
				F4B36A5F2A47D21600C34F42 /* Frameworks */,
				F4B36A602A47D21600C34F42 /* Resources */,
			);
			buildRules = (
			);
			dependencies = (
			);
			name = AdapterTableView;
			productName = AdapterTableView;
			productReference = F4B36A622A47D21600C34F42 /* AdapterTableView.app */;
			productType = "com.apple.product-type.application";
		};
		F4B36A7A2A47D21700C34F42 /* AdapterTableViewTests */ = {
			isa = PBXNativeTarget;
			buildConfigurationList = F4B36A922A47D21700C34F42 /* Build configuration list for PBXNativeTarget "AdapterTableViewTests" */;
			buildPhases = (
				F4B36A772A47D21700C34F42 /* Sources */,
				F4B36A782A47D21700C34F42 /* Frameworks */,
				F4B36A792A47D21700C34F42 /* Resources */,
			);
			buildRules = (
			);
			dependencies = (
				F4B36A7D2A47D21700C34F42 /* PBXTargetDependency */,
			);
			name = AdapterTableViewTests;
			productName = AdapterTableViewTests;
			productReference = F4B36A7B2A47D21700C34F42 /* AdapterTableViewTests.xctest */;
			productType = "com.apple.product-type.bundle.unit-test";
		};
		F4B36A842A47D21700C34F42 /* AdapterTableViewUITests */ = {
			isa = PBXNativeTarget;
			buildConfigurationList = F4B36A952A47D21700C34F42 /* Build configuration list for PBXNativeTarget "AdapterTableViewUITests" */;
			buildPhases = (
				F4B36A812A47D21700C34F42 /* Sources */,
				F4B36A822A47D21700C34F42 /* Frameworks */,
				F4B36A832A47D21700C34F42 /* Resources */,
			);
			buildRules = (
			);
			dependencies = (
				F4B36A872A47D21700C34F42 /* PBXTargetDependency */,
			);
			name = AdapterTableViewUITests;
			productName = AdapterTableViewUITests;
			productReference = F4B36A852A47D21700C34F42 /* AdapterTableViewUITests.xctest */;
			productType = "com.apple.product-type.bundle.ui-testing";
		};
/* End PBXNativeTarget section */

/* Begin PBXProject section */
		F4B36A5A2A47D21600C34F42 /* Project object */ = {
			isa = PBXProject;
			attributes = {
				BuildIndependentTargetsInParallel = 1;
				LastSwiftUpdateCheck = 1420;
				LastUpgradeCheck = 1420;
				TargetAttributes = {
					F4B36A612A47D21600C34F42 = {
						CreatedOnToolsVersion = 14.2;
					};
					F4B36A7A2A47D21700C34F42 = {
						CreatedOnToolsVersion = 14.2;
						TestTargetID = F4B36A612A47D21600C34F42;
					};
					F4B36A842A47D21700C34F42 = {
						CreatedOnToolsVersion = 14.2;
						TestTargetID = F4B36A612A47D21600C34F42;
					};
				};
			};
			buildConfigurationList = F4B36A5D2A47D21600C34F42 /* Build configuration list for PBXProject "AdapterTableView" */;
			compatibilityVersion = "Xcode 14.0";
			developmentRegion = en;
			hasScannedForEncodings = 0;
			knownRegions = (
				en,
				Base,
			);
			mainGroup = F4B36A592A47D21600C34F42;
			productRefGroup = F4B36A632A47D21600C34F42 /* Products */;
			projectDirPath = "";
			projectRoot = "";
			targets = (
				F4B36A612A47D21600C34F42 /* AdapterTableView */,
				F4B36A7A2A47D21700C34F42 /* AdapterTableViewTests */,
				F4B36A842A47D21700C34F42 /* AdapterTableViewUITests */,
			);
		};
/* End PBXProject section */

/* Begin PBXResourcesBuildPhase section */
		F4B36A602A47D21600C34F42 /* Resources */ = {
			isa = PBXResourcesBuildPhase;
			buildActionMask = 2147483647;
			files = (
				F4B36A752A47D21700C34F42 /* LaunchScreen.storyboard in Resources */,
				F4B36A722A47D21700C34F42 /* Assets.xcassets in Resources */,
				F4B36AA12A47DAAE00C34F42 /* CustomTableViewCell.xib in Resources */,
				F4B36A6D2A47D21600C34F42 /* Main.storyboard in Resources */,
			);
			runOnlyForDeploymentPostprocessing = 0;
		};
		F4B36A792A47D21700C34F42 /* Resources */ = {
			isa = PBXResourcesBuildPhase;
			buildActionMask = 2147483647;
			files = (
			);
			runOnlyForDeploymentPostprocessing = 0;
		};
		F4B36A832A47D21700C34F42 /* Resources */ = {
			isa = PBXResourcesBuildPhase;
			buildActionMask = 2147483647;
			files = (
			);
			runOnlyForDeploymentPostprocessing = 0;
		};
/* End PBXResourcesBuildPhase section */

/* Begin PBXSourcesBuildPhase section */
		F4B36A5E2A47D21600C34F42 /* Sources */ = {
			isa = PBXSourcesBuildPhase;
			buildActionMask = 2147483647;
			files = (
				F4B36A6A2A47D21600C34F42 /* ViewController.swift in Sources */,
				F4B36A702A47D21600C34F42 /* AdapterTableView.xcdatamodeld in Sources */,
				F4B36A9B2A47D2A400C34F42 /* TableAdapter.swift in Sources */,
				F4B36AA02A47DAAE00C34F42 /* CustomTableViewCell.swift in Sources */,
				F4B36A992A47D25500C34F42 /* TableDataModel.swift in Sources */,
				F4B36A662A47D21600C34F42 /* AppDelegate.swift in Sources */,
				F4B36A682A47D21600C34F42 /* SceneDelegate.swift in Sources */,
			);
			runOnlyForDeploymentPostprocessing = 0;
		};
		F4B36A772A47D21700C34F42 /* Sources */ = {
			isa = PBXSourcesBuildPhase;
			buildActionMask = 2147483647;
			files = (
				F4B36A802A47D21700C34F42 /* AdapterTableViewTests.swift in Sources */,
			);
			runOnlyForDeploymentPostprocessing = 0;
		};
		F4B36A812A47D21700C34F42 /* Sources */ = {
			isa = PBXSourcesBuildPhase;
			buildActionMask = 2147483647;
			files = (
				F4B36A8C2A47D21700C34F42 /* AdapterTableViewUITestsLaunchTests.swift in Sources */,
				F4B36A8A2A47D21700C34F42 /* AdapterTableViewUITests.swift in Sources */,
			);
			runOnlyForDeploymentPostprocessing = 0;
		};
/* End PBXSourcesBuildPhase section */

/* Begin PBXTargetDependency section */
		F4B36A7D2A47D21700C34F42 /* PBXTargetDependency */ = {
			isa = PBXTargetDependency;
			target = F4B36A612A47D21600C34F42 /* AdapterTableView */;
			targetProxy = F4B36A7C2A47D21700C34F42 /* PBXContainerItemProxy */;
		};
		F4B36A872A47D21700C34F42 /* PBXTargetDependency */ = {
			isa = PBXTargetDependency;
			target = F4B36A612A47D21600C34F42 /* AdapterTableView */;
			targetProxy = F4B36A862A47D21700C34F42 /* PBXContainerItemProxy */;
		};
/* End PBXTargetDependency section */

/* Begin PBXVariantGroup section */
		F4B36A6B2A47D21600C34F42 /* Main.storyboard */ = {
			isa = PBXVariantGroup;
			children = (
				F4B36A6C2A47D21600C34F42 /* Base */,
			);
			name = Main.storyboard;
			sourceTree = "<group>";
		};
		F4B36A732A47D21700C34F42 /* LaunchScreen.storyboard */ = {
			isa = PBXVariantGroup;
			children = (
				F4B36A742A47D21700C34F42 /* Base */,
			);
			name = LaunchScreen.storyboard;
			sourceTree = "<group>";
		};
/* End PBXVariantGroup section */

/* Begin XCBuildConfiguration section */
		F4B36A8D2A47D21700C34F42 /* Debug */ = {
			isa = XCBuildConfiguration;
			buildSettings = {
				ALWAYS_SEARCH_USER_PATHS = NO;
				CLANG_ANALYZER_NONNULL = YES;
				CLANG_ANALYZER_NUMBER_OBJECT_CONVERSION = YES_AGGRESSIVE;
				CLANG_CXX_LANGUAGE_STANDARD = "gnu++20";
				CLANG_ENABLE_MODULES = YES;
				CLANG_ENABLE_OBJC_ARC = YES;
				CLANG_ENABLE_OBJC_WEAK = YES;
				CLANG_WARN_BLOCK_CAPTURE_AUTORELEASING = YES;
				CLANG_WARN_BOOL_CONVERSION = YES;
				CLANG_WARN_COMMA = YES;
				CLANG_WARN_CONSTANT_CONVERSION = YES;
				CLANG_WARN_DEPRECATED_OBJC_IMPLEMENTATIONS = YES;
				CLANG_WARN_DIRECT_OBJC_ISA_USAGE = YES_ERROR;
				CLANG_WARN_DOCUMENTATION_COMMENTS = YES;
				CLANG_WARN_EMPTY_BODY = YES;
				CLANG_WARN_ENUM_CONVERSION = YES;
				CLANG_WARN_INFINITE_RECURSION = YES;
				CLANG_WARN_INT_CONVERSION = YES;
				CLANG_WARN_NON_LITERAL_NULL_CONVERSION = YES;
				CLANG_WARN_OBJC_IMPLICIT_RETAIN_SELF = YES;
				CLANG_WARN_OBJC_LITERAL_CONVERSION = YES;
				CLANG_WARN_OBJC_ROOT_CLASS = YES_ERROR;
				CLANG_WARN_QUOTED_INCLUDE_IN_FRAMEWORK_HEADER = YES;
				CLANG_WARN_RANGE_LOOP_ANALYSIS = YES;
				CLANG_WARN_STRICT_PROTOTYPES = YES;
				CLANG_WARN_SUSPICIOUS_MOVE = YES;
				CLANG_WARN_UNGUARDED_AVAILABILITY = YES_AGGRESSIVE;
				CLANG_WARN_UNREACHABLE_CODE = YES;
				CLANG_WARN__DUPLICATE_METHOD_MATCH = YES;
				COPY_PHASE_STRIP = NO;
				DEBUG_INFORMATION_FORMAT = dwarf;
				ENABLE_STRICT_OBJC_MSGSEND = YES;
				ENABLE_TESTABILITY = YES;
				GCC_C_LANGUAGE_STANDARD = gnu11;
				GCC_DYNAMIC_NO_PIC = NO;
				GCC_NO_COMMON_BLOCKS = YES;
				GCC_OPTIMIZATION_LEVEL = 0;
				GCC_PREPROCESSOR_DEFINITIONS = (
					"DEBUG=1",
					"$(inherited)",
				);
				GCC_WARN_64_TO_32_BIT_CONVERSION = YES;
				GCC_WARN_ABOUT_RETURN_TYPE = YES_ERROR;
				GCC_WARN_UNDECLARED_SELECTOR = YES;
				GCC_WARN_UNINITIALIZED_AUTOS = YES_AGGRESSIVE;
				GCC_WARN_UNUSED_FUNCTION = YES;
				GCC_WARN_UNUSED_VARIABLE = YES;
				IPHONEOS_DEPLOYMENT_TARGET = 16.2;
				MTL_ENABLE_DEBUG_INFO = INCLUDE_SOURCE;
				MTL_FAST_MATH = YES;
				ONLY_ACTIVE_ARCH = YES;
				SDKROOT = iphoneos;
				SWIFT_ACTIVE_COMPILATION_CONDITIONS = DEBUG;
				SWIFT_OPTIMIZATION_LEVEL = "-Onone";
			};
			name = Debug;
		};
		F4B36A8E2A47D21700C34F42 /* Release */ = {
			isa = XCBuildConfiguration;
			buildSettings = {
				ALWAYS_SEARCH_USER_PATHS = NO;
				CLANG_ANALYZER_NONNULL = YES;
				CLANG_ANALYZER_NUMBER_OBJECT_CONVERSION = YES_AGGRESSIVE;
				CLANG_CXX_LANGUAGE_STANDARD = "gnu++20";
				CLANG_ENABLE_MODULES = YES;
				CLANG_ENABLE_OBJC_ARC = YES;
				CLANG_ENABLE_OBJC_WEAK = YES;
				CLANG_WARN_BLOCK_CAPTURE_AUTORELEASING = YES;
				CLANG_WARN_BOOL_CONVERSION = YES;
				CLANG_WARN_COMMA = YES;
				CLANG_WARN_CONSTANT_CONVERSION = YES;
				CLANG_WARN_DEPRECATED_OBJC_IMPLEMENTATIONS = YES;
				CLANG_WARN_DIRECT_OBJC_ISA_USAGE = YES_ERROR;
				CLANG_WARN_DOCUMENTATION_COMMENTS = YES;
				CLANG_WARN_EMPTY_BODY = YES;
				CLANG_WARN_ENUM_CONVERSION = YES;
				CLANG_WARN_INFINITE_RECURSION = YES;
				CLANG_WARN_INT_CONVERSION = YES;
				CLANG_WARN_NON_LITERAL_NULL_CONVERSION = YES;
				CLANG_WARN_OBJC_IMPLICIT_RETAIN_SELF = YES;
				CLANG_WARN_OBJC_LITERAL_CONVERSION = YES;
				CLANG_WARN_OBJC_ROOT_CLASS = YES_ERROR;
				CLANG_WARN_QUOTED_INCLUDE_IN_FRAMEWORK_HEADER = YES;
				CLANG_WARN_RANGE_LOOP_ANALYSIS = YES;
				CLANG_WARN_STRICT_PROTOTYPES = YES;
				CLANG_WARN_SUSPICIOUS_MOVE = YES;
				CLANG_WARN_UNGUARDED_AVAILABILITY = YES_AGGRESSIVE;
				CLANG_WARN_UNREACHABLE_CODE = YES;
				CLANG_WARN__DUPLICATE_METHOD_MATCH = YES;
				COPY_PHASE_STRIP = NO;
				DEBUG_INFORMATION_FORMAT = "dwarf-with-dsym";
				ENABLE_NS_ASSERTIONS = NO;
				ENABLE_STRICT_OBJC_MSGSEND = YES;
				GCC_C_LANGUAGE_STANDARD = gnu11;
				GCC_NO_COMMON_BLOCKS = YES;
				GCC_WARN_64_TO_32_BIT_CONVERSION = YES;
				GCC_WARN_ABOUT_RETURN_TYPE = YES_ERROR;
				GCC_WARN_UNDECLARED_SELECTOR = YES;
				GCC_WARN_UNINITIALIZED_AUTOS = YES_AGGRESSIVE;
				GCC_WARN_UNUSED_FUNCTION = YES;
				GCC_WARN_UNUSED_VARIABLE = YES;
				IPHONEOS_DEPLOYMENT_TARGET = 16.2;
				MTL_ENABLE_DEBUG_INFO = NO;
				MTL_FAST_MATH = YES;
				SDKROOT = iphoneos;
				SWIFT_COMPILATION_MODE = wholemodule;
				SWIFT_OPTIMIZATION_LEVEL = "-O";
				VALIDATE_PRODUCT = YES;
			};
			name = Release;
		};
		F4B36A902A47D21700C34F42 /* Debug */ = {
			isa = XCBuildConfiguration;
			buildSettings = {
				ASSETCATALOG_COMPILER_APPICON_NAME = AppIcon;
				ASSETCATALOG_COMPILER_GLOBAL_ACCENT_COLOR_NAME = AccentColor;
				CODE_SIGN_STYLE = Automatic;
				CURRENT_PROJECT_VERSION = 1;
				DEVELOPMENT_TEAM = JN7J7RG63X;
				GENERATE_INFOPLIST_FILE = YES;
				INFOPLIST_FILE = AdapterTableView/Info.plist;
				INFOPLIST_KEY_UIApplicationSupportsIndirectInputEvents = YES;
				INFOPLIST_KEY_UILaunchStoryboardName = LaunchScreen;
				INFOPLIST_KEY_UIMainStoryboardFile = Main;
				INFOPLIST_KEY_UISupportedInterfaceOrientations_iPad = "UIInterfaceOrientationPortrait UIInterfaceOrientationPortraitUpsideDown UIInterfaceOrientationLandscapeLeft UIInterfaceOrientationLandscapeRight";
				INFOPLIST_KEY_UISupportedInterfaceOrientations_iPhone = "UIInterfaceOrientationPortrait UIInterfaceOrientationLandscapeLeft UIInterfaceOrientationLandscapeRight";
				LD_RUNPATH_SEARCH_PATHS = (
					"$(inherited)",
					"@executable_path/Frameworks",
				);
				MARKETING_VERSION = 1.0;
				PRODUCT_BUNDLE_IDENTIFIER = com.zoeklapman.AdapterTableView;
				PRODUCT_NAME = "$(TARGET_NAME)";
				SWIFT_EMIT_LOC_STRINGS = YES;
				SWIFT_VERSION = 5.0;
				TARGETED_DEVICE_FAMILY = "1,2";
			};
			name = Debug;
		};
		F4B36A912A47D21700C34F42 /* Release */ = {
			isa = XCBuildConfiguration;
			buildSettings = {
				ASSETCATALOG_COMPILER_APPICON_NAME = AppIcon;
				ASSETCATALOG_COMPILER_GLOBAL_ACCENT_COLOR_NAME = AccentColor;
				CODE_SIGN_STYLE = Automatic;
				CURRENT_PROJECT_VERSION = 1;
				DEVELOPMENT_TEAM = JN7J7RG63X;
				GENERATE_INFOPLIST_FILE = YES;
				INFOPLIST_FILE = AdapterTableView/Info.plist;
				INFOPLIST_KEY_UIApplicationSupportsIndirectInputEvents = YES;
				INFOPLIST_KEY_UILaunchStoryboardName = LaunchScreen;
				INFOPLIST_KEY_UIMainStoryboardFile = Main;
				INFOPLIST_KEY_UISupportedInterfaceOrientations_iPad = "UIInterfaceOrientationPortrait UIInterfaceOrientationPortraitUpsideDown UIInterfaceOrientationLandscapeLeft UIInterfaceOrientationLandscapeRight";
				INFOPLIST_KEY_UISupportedInterfaceOrientations_iPhone = "UIInterfaceOrientationPortrait UIInterfaceOrientationLandscapeLeft UIInterfaceOrientationLandscapeRight";
				LD_RUNPATH_SEARCH_PATHS = (
					"$(inherited)",
					"@executable_path/Frameworks",
				);
				MARKETING_VERSION = 1.0;
				PRODUCT_BUNDLE_IDENTIFIER = com.zoeklapman.AdapterTableView;
				PRODUCT_NAME = "$(TARGET_NAME)";
				SWIFT_EMIT_LOC_STRINGS = YES;
				SWIFT_VERSION = 5.0;
				TARGETED_DEVICE_FAMILY = "1,2";
			};
			name = Release;
		};
		F4B36A932A47D21700C34F42 /* Debug */ = {
			isa = XCBuildConfiguration;
			buildSettings = {
				ALWAYS_EMBED_SWIFT_STANDARD_LIBRARIES = YES;
				BUNDLE_LOADER = "$(TEST_HOST)";
				CODE_SIGN_STYLE = Automatic;
				CURRENT_PROJECT_VERSION = 1;
				DEVELOPMENT_TEAM = JN7J7RG63X;
				GENERATE_INFOPLIST_FILE = YES;
				IPHONEOS_DEPLOYMENT_TARGET = 16.2;
				MARKETING_VERSION = 1.0;
				PRODUCT_BUNDLE_IDENTIFIER = com.zoeklapman.AdapterTableViewTests;
				PRODUCT_NAME = "$(TARGET_NAME)";
				SWIFT_EMIT_LOC_STRINGS = NO;
				SWIFT_VERSION = 5.0;
				TARGETED_DEVICE_FAMILY = "1,2";
				TEST_HOST = "$(BUILT_PRODUCTS_DIR)/AdapterTableView.app/$(BUNDLE_EXECUTABLE_FOLDER_PATH)/AdapterTableView";
			};
			name = Debug;
		};
		F4B36A942A47D21700C34F42 /* Release */ = {
			isa = XCBuildConfiguration;
			buildSettings = {
				ALWAYS_EMBED_SWIFT_STANDARD_LIBRARIES = YES;
				BUNDLE_LOADER = "$(TEST_HOST)";
				CODE_SIGN_STYLE = Automatic;
				CURRENT_PROJECT_VERSION = 1;
				DEVELOPMENT_TEAM = JN7J7RG63X;
				GENERATE_INFOPLIST_FILE = YES;
				IPHONEOS_DEPLOYMENT_TARGET = 16.2;
				MARKETING_VERSION = 1.0;
				PRODUCT_BUNDLE_IDENTIFIER = com.zoeklapman.AdapterTableViewTests;
				PRODUCT_NAME = "$(TARGET_NAME)";
				SWIFT_EMIT_LOC_STRINGS = NO;
				SWIFT_VERSION = 5.0;
				TARGETED_DEVICE_FAMILY = "1,2";
				TEST_HOST = "$(BUILT_PRODUCTS_DIR)/AdapterTableView.app/$(BUNDLE_EXECUTABLE_FOLDER_PATH)/AdapterTableView";
			};
			name = Release;
		};
		F4B36A962A47D21700C34F42 /* Debug */ = {
			isa = XCBuildConfiguration;
			buildSettings = {
				ALWAYS_EMBED_SWIFT_STANDARD_LIBRARIES = YES;
				CODE_SIGN_STYLE = Automatic;
				CURRENT_PROJECT_VERSION = 1;
				DEVELOPMENT_TEAM = JN7J7RG63X;
				GENERATE_INFOPLIST_FILE = YES;
				MARKETING_VERSION = 1.0;
				PRODUCT_BUNDLE_IDENTIFIER = com.zoeklapman.AdapterTableViewUITests;
				PRODUCT_NAME = "$(TARGET_NAME)";
				SWIFT_EMIT_LOC_STRINGS = NO;
				SWIFT_VERSION = 5.0;
				TARGETED_DEVICE_FAMILY = "1,2";
				TEST_TARGET_NAME = AdapterTableView;
			};
			name = Debug;
		};
		F4B36A972A47D21700C34F42 /* Release */ = {
			isa = XCBuildConfiguration;
			buildSettings = {
				ALWAYS_EMBED_SWIFT_STANDARD_LIBRARIES = YES;
				CODE_SIGN_STYLE = Automatic;
				CURRENT_PROJECT_VERSION = 1;
				DEVELOPMENT_TEAM = JN7J7RG63X;
				GENERATE_INFOPLIST_FILE = YES;
				MARKETING_VERSION = 1.0;
				PRODUCT_BUNDLE_IDENTIFIER = com.zoeklapman.AdapterTableViewUITests;
				PRODUCT_NAME = "$(TARGET_NAME)";
				SWIFT_EMIT_LOC_STRINGS = NO;
				SWIFT_VERSION = 5.0;
				TARGETED_DEVICE_FAMILY = "1,2";
				TEST_TARGET_NAME = AdapterTableView;
			};
			name = Release;
		};
/* End XCBuildConfiguration section */

/* Begin XCConfigurationList section */
		F4B36A5D2A47D21600C34F42 /* Build configuration list for PBXProject "AdapterTableView" */ = {
			isa = XCConfigurationList;
			buildConfigurations = (
				F4B36A8D2A47D21700C34F42 /* Debug */,
				F4B36A8E2A47D21700C34F42 /* Release */,
			);
			defaultConfigurationIsVisible = 0;
			defaultConfigurationName = Release;
		};
		F4B36A8F2A47D21700C34F42 /* Build configuration list for PBXNativeTarget "AdapterTableView" */ = {
			isa = XCConfigurationList;
			buildConfigurations = (
				F4B36A902A47D21700C34F42 /* Debug */,
				F4B36A912A47D21700C34F42 /* Release */,
			);
			defaultConfigurationIsVisible = 0;
			defaultConfigurationName = Release;
		};
		F4B36A922A47D21700C34F42 /* Build configuration list for PBXNativeTarget "AdapterTableViewTests" */ = {
			isa = XCConfigurationList;
			buildConfigurations = (
				F4B36A932A47D21700C34F42 /* Debug */,
				F4B36A942A47D21700C34F42 /* Release */,
			);
			defaultConfigurationIsVisible = 0;
			defaultConfigurationName = Release;
		};
		F4B36A952A47D21700C34F42 /* Build configuration list for PBXNativeTarget "AdapterTableViewUITests" */ = {
			isa = XCConfigurationList;
			buildConfigurations = (
				F4B36A962A47D21700C34F42 /* Debug */,
				F4B36A972A47D21700C34F42 /* Release */,
			);
			defaultConfigurationIsVisible = 0;
			defaultConfigurationName = Release;
		};
/* End XCConfigurationList section */

/* Begin XCVersionGroup section */
		F4B36A6E2A47D21600C34F42 /* AdapterTableView.xcdatamodeld */ = {
			isa = XCVersionGroup;
			children = (
				F4B36A6F2A47D21600C34F42 /* AdapterTableView.xcdatamodel */,
			);
			currentVersion = F4B36A6F2A47D21600C34F42 /* AdapterTableView.xcdatamodel */;
			path = AdapterTableView.xcdatamodeld;
			sourceTree = "<group>";
			versionGroupType = wrapper.xcdatamodel;
		};
/* End XCVersionGroup section */
	};
	rootObject = F4B36A5A2A47D21600C34F42 /* Project object */;
}
